// !$*UTF8*$!
{
	archiveVersion = 1;
	classes = {
	};
	objectVersion = 50;
	objects = {

/* Begin PBXBuildFile section */
		F5321AD325F63869000C224F /* SourceViewController.swift in Sources */ = {isa = PBXBuildFile; fileRef = F5321AD125F63869000C224F /* SourceViewController.swift */; };
		F5321AD425F63869000C224F /* SourceViewController.xib in Resources */ = {isa = PBXBuildFile; fileRef = F5321AD225F63869000C224F /* SourceViewController.xib */; };
		F533EA8025F6989300798021 /* Nodes.swift in Sources */ = {isa = PBXBuildFile; fileRef = F533EA7F25F6989300798021 /* Nodes.swift */; };
		F533EA8425F6B2C200798021 /* MoveNodeSheet.swift in Sources */ = {isa = PBXBuildFile; fileRef = F533EA8325F6B2C200798021 /* MoveNodeSheet.swift */; };
		F554A92325F44C700025C50B /* nodes.json in Resources */ = {isa = PBXBuildFile; fileRef = F554A92225F44C700025C50B /* nodes.json */; };
		F5894F7625F29B2600F43B56 /* SwiftUISourceListApp.swift in Sources */ = {isa = PBXBuildFile; fileRef = F5894F7525F29B2600F43B56 /* SwiftUISourceListApp.swift */; };
		F5894F7825F29B2600F43B56 /* ContentView.swift in Sources */ = {isa = PBXBuildFile; fileRef = F5894F7725F29B2600F43B56 /* ContentView.swift */; };
		F5894F7A25F29B2700F43B56 /* Assets.xcassets in Resources */ = {isa = PBXBuildFile; fileRef = F5894F7925F29B2700F43B56 /* Assets.xcassets */; };
		F5894F7D25F29B2700F43B56 /* Preview Assets.xcassets in Resources */ = {isa = PBXBuildFile; fileRef = F5894F7C25F29B2700F43B56 /* Preview Assets.xcassets */; };
		F58D2CC325F442AC00675592 /* Helper.swift in Sources */ = {isa = PBXBuildFile; fileRef = F58D2CC225F442AC00675592 /* Helper.swift */; };
		F5F716BD25F97D7B00BDDB52 /* trees.json in Resources */ = {isa = PBXBuildFile; fileRef = F5F716BC25F97D7B00BDDB52 /* trees.json */; };
/* End PBXBuildFile section */

/* Begin PBXFileReference section */
		F5321AD125F63869000C224F /* SourceViewController.swift */ = {isa = PBXFileReference; lastKnownFileType = sourcecode.swift; path = SourceViewController.swift; sourceTree = "<group>"; };
		F5321AD225F63869000C224F /* SourceViewController.xib */ = {isa = PBXFileReference; lastKnownFileType = file.xib; path = SourceViewController.xib; sourceTree = "<group>"; };
		F533EA7F25F6989300798021 /* Nodes.swift */ = {isa = PBXFileReference; lastKnownFileType = sourcecode.swift; path = Nodes.swift; sourceTree = "<group>"; };
		F533EA8325F6B2C200798021 /* MoveNodeSheet.swift */ = {isa = PBXFileReference; lastKnownFileType = sourcecode.swift; path = MoveNodeSheet.swift; sourceTree = "<group>"; };
		F554A92225F44C700025C50B /* nodes.json */ = {isa = PBXFileReference; fileEncoding = 4; lastKnownFileType = text.json; name = nodes.json; path = Data/nodes.json; sourceTree = "<group>"; };
		F5894F7225F29B2600F43B56 /* SwiftUISourceList.app */ = {isa = PBXFileReference; explicitFileType = wrapper.application; includeInIndex = 0; path = SwiftUISourceList.app; sourceTree = BUILT_PRODUCTS_DIR; };
		F5894F7525F29B2600F43B56 /* SwiftUISourceListApp.swift */ = {isa = PBXFileReference; lastKnownFileType = sourcecode.swift; path = SwiftUISourceListApp.swift; sourceTree = "<group>"; };
		F5894F7725F29B2600F43B56 /* ContentView.swift */ = {isa = PBXFileReference; lastKnownFileType = sourcecode.swift; path = ContentView.swift; sourceTree = "<group>"; };
		F5894F7925F29B2700F43B56 /* Assets.xcassets */ = {isa = PBXFileReference; lastKnownFileType = folder.assetcatalog; path = Assets.xcassets; sourceTree = "<group>"; };
		F5894F7C25F29B2700F43B56 /* Preview Assets.xcassets */ = {isa = PBXFileReference; lastKnownFileType = folder.assetcatalog; path = "Preview Assets.xcassets"; sourceTree = "<group>"; };
		F5894F7E25F29B2800F43B56 /* Info.plist */ = {isa = PBXFileReference; lastKnownFileType = text.plist.xml; path = Info.plist; sourceTree = "<group>"; };
		F5894F7F25F29B2800F43B56 /* SwiftUISourceList.entitlements */ = {isa = PBXFileReference; lastKnownFileType = text.plist.entitlements; path = SwiftUISourceList.entitlements; sourceTree = "<group>"; };
		F58D2CC225F442AC00675592 /* Helper.swift */ = {isa = PBXFileReference; fileEncoding = 4; lastKnownFileType = sourcecode.swift; name = Helper.swift; path = Data/Helper.swift; sourceTree = "<group>"; };
		F5F716BC25F97D7B00BDDB52 /* trees.json */ = {isa = PBXFileReference; fileEncoding = 4; lastKnownFileType = text.json; name = trees.json; path = Data/trees.json; sourceTree = "<group>"; };
/* End PBXFileReference section */

/* Begin PBXFrameworksBuildPhase section */
		F5894F6F25F29B2600F43B56 /* Frameworks */ = {
			isa = PBXFrameworksBuildPhase;
			buildActionMask = 2147483647;
			files = (
			);
			runOnlyForDeploymentPostprocessing = 0;
		};
/* End PBXFrameworksBuildPhase section */

/* Begin PBXGroup section */
		F5894F6925F29B2600F43B56 = {
			isa = PBXGroup;
			children = (
				F5894F7425F29B2600F43B56 /* SwiftUISourceList */,
				F5894F7325F29B2600F43B56 /* Products */,
			);
			sourceTree = "<group>";
		};
		F5894F7325F29B2600F43B56 /* Products */ = {
			isa = PBXGroup;
			children = (
				F5894F7225F29B2600F43B56 /* SwiftUISourceList.app */,
			);
			name = Products;
			sourceTree = "<group>";
		};
		F5894F7425F29B2600F43B56 /* SwiftUISourceList */ = {
			isa = PBXGroup;
			children = (
				F5894F7525F29B2600F43B56 /* SwiftUISourceListApp.swift */,
				F5894F7725F29B2600F43B56 /* ContentView.swift */,
				F5321AD125F63869000C224F /* SourceViewController.swift */,
				F5321AD225F63869000C224F /* SourceViewController.xib */,
				F533EA8325F6B2C200798021 /* MoveNodeSheet.swift */,
				F533EA7F25F6989300798021 /* Nodes.swift */,
				F5F716BC25F97D7B00BDDB52 /* trees.json */,
				F554A92225F44C700025C50B /* nodes.json */,
				F58D2CC225F442AC00675592 /* Helper.swift */,
				F5894F7925F29B2700F43B56 /* Assets.xcassets */,
				F5894F7E25F29B2800F43B56 /* Info.plist */,
				F5894F7F25F29B2800F43B56 /* SwiftUISourceList.entitlements */,
				F5894F7B25F29B2700F43B56 /* Preview Content */,
			);
			path = SwiftUISourceList;
			sourceTree = "<group>";
		};
		F5894F7B25F29B2700F43B56 /* Preview Content */ = {
			isa = PBXGroup;
			children = (
				F5894F7C25F29B2700F43B56 /* Preview Assets.xcassets */,
			);
			path = "Preview Content";
			sourceTree = "<group>";
		};
/* End PBXGroup section */

/* Begin PBXNativeTarget section */
		F5894F7125F29B2600F43B56 /* SwiftUISourceList */ = {
			isa = PBXNativeTarget;
			buildConfigurationList = F5894F8225F29B2800F43B56 /* Build configuration list for PBXNativeTarget "SwiftUISourceList" */;
			buildPhases = (
				F5894F6E25F29B2600F43B56 /* Sources */,
				F5894F6F25F29B2600F43B56 /* Frameworks */,
				F5894F7025F29B2600F43B56 /* Resources */,
			);
			buildRules = (
			);
			dependencies = (
			);
			name = SwiftUISourceList;
			productName = SwiftUISourceList;
			productReference = F5894F7225F29B2600F43B56 /* SwiftUISourceList.app */;
			productType = "com.apple.product-type.application";
		};
/* End PBXNativeTarget section */

/* Begin PBXProject section */
		F5894F6A25F29B2600F43B56 /* Project object */ = {
			isa = PBXProject;
			attributes = {
				LastSwiftUpdateCheck = 1240;
				LastUpgradeCheck = 1240;
				TargetAttributes = {
					F5894F7125F29B2600F43B56 = {
						CreatedOnToolsVersion = 12.4;
					};
				};
			};
			buildConfigurationList = F5894F6D25F29B2600F43B56 /* Build configuration list for PBXProject "SwiftUISourceList" */;
			compatibilityVersion = "Xcode 9.3";
			developmentRegion = en;
			hasScannedForEncodings = 0;
			knownRegions = (
				en,
				Base,
			);
			mainGroup = F5894F6925F29B2600F43B56;
			productRefGroup = F5894F7325F29B2600F43B56 /* Products */;
			projectDirPath = "";
			projectRoot = "";
			targets = (
				F5894F7125F29B2600F43B56 /* SwiftUISourceList */,
			);
		};
/* End PBXProject section */

/* Begin PBXResourcesBuildPhase section */
		F5894F7025F29B2600F43B56 /* Resources */ = {
			isa = PBXResourcesBuildPhase;
			buildActionMask = 2147483647;
			files = (
				F554A92325F44C700025C50B /* nodes.json in Resources */,
				F5F716BD25F97D7B00BDDB52 /* trees.json in Resources */,
				F5321AD425F63869000C224F /* SourceViewController.xib in Resources */,
				F5894F7D25F29B2700F43B56 /* Preview Assets.xcassets in Resources */,
				F5894F7A25F29B2700F43B56 /* Assets.xcassets in Resources */,
			);
			runOnlyForDeploymentPostprocessing = 0;
		};
/* End PBXResourcesBuildPhase section */

/* Begin PBXSourcesBuildPhase section */
		F5894F6E25F29B2600F43B56 /* Sources */ = {
			isa = PBXSourcesBuildPhase;
			buildActionMask = 2147483647;
			files = (
				F533EA8425F6B2C200798021 /* MoveNodeSheet.swift in Sources */,
				F533EA8025F6989300798021 /* Nodes.swift in Sources */,
				F5894F7825F29B2600F43B56 /* ContentView.swift in Sources */,
				F5321AD325F63869000C224F /* SourceViewController.swift in Sources */,
				F5894F7625F29B2600F43B56 /* SwiftUISourceListApp.swift in Sources */,
				F58D2CC325F442AC00675592 /* Helper.swift in Sources */,
			);
			runOnlyForDeploymentPostprocessing = 0;
		};
/* End PBXSourcesBuildPhase section */

/* Begin XCBuildConfiguration section */
		F5894F8025F29B2800F43B56 /* Debug */ = {
			isa = XCBuildConfiguration;
			buildSettings = {
				ALWAYS_SEARCH_USER_PATHS = NO;
				CLANG_ANALYZER_NONNULL = YES;
				CLANG_ANALYZER_NUMBER_OBJECT_CONVERSION = YES_AGGRESSIVE;
				CLANG_CXX_LANGUAGE_STANDARD = "gnu++14";
				CLANG_CXX_LIBRARY = "libc++";
				CLANG_ENABLE_MODULES = YES;
				CLANG_ENABLE_OBJC_ARC = YES;
				CLANG_ENABLE_OBJC_WEAK = YES;
				CLANG_WARN_BLOCK_CAPTURE_AUTORELEASING = YES;
				CLANG_WARN_BOOL_CONVERSION = YES;
				CLANG_WARN_COMMA = YES;
				CLANG_WARN_CONSTANT_CONVERSION = YES;
				CLANG_WARN_DEPRECATED_OBJC_IMPLEMENTATIONS = YES;
				CLANG_WARN_DIRECT_OBJC_ISA_USAGE = YES_ERROR;
				CLANG_WARN_DOCUMENTATION_COMMENTS = YES;
				CLANG_WARN_EMPTY_BODY = YES;
				CLANG_WARN_ENUM_CONVERSION = YES;
				CLANG_WARN_INFINITE_RECURSION = YES;
				CLANG_WARN_INT_CONVERSION = YES;
				CLANG_WARN_NON_LITERAL_NULL_CONVERSION = YES;
				CLANG_WARN_OBJC_IMPLICIT_RETAIN_SELF = YES;
				CLANG_WARN_OBJC_LITERAL_CONVERSION = YES;
				CLANG_WARN_OBJC_ROOT_CLASS = YES_ERROR;
				CLANG_WARN_QUOTED_INCLUDE_IN_FRAMEWORK_HEADER = YES;
				CLANG_WARN_RANGE_LOOP_ANALYSIS = YES;
				CLANG_WARN_STRICT_PROTOTYPES = YES;
				CLANG_WARN_SUSPICIOUS_MOVE = YES;
				CLANG_WARN_UNGUARDED_AVAILABILITY = YES_AGGRESSIVE;
				CLANG_WARN_UNREACHABLE_CODE = YES;
				CLANG_WARN__DUPLICATE_METHOD_MATCH = YES;
				COPY_PHASE_STRIP = NO;
				DEBUG_INFORMATION_FORMAT = dwarf;
				ENABLE_STRICT_OBJC_MSGSEND = YES;
				ENABLE_TESTABILITY = YES;
				GCC_C_LANGUAGE_STANDARD = gnu11;
				GCC_DYNAMIC_NO_PIC = NO;
				GCC_NO_COMMON_BLOCKS = YES;
				GCC_OPTIMIZATION_LEVEL = 0;
				GCC_PREPROCESSOR_DEFINITIONS = (
					"DEBUG=1",
					"$(inherited)",
				);
				GCC_WARN_64_TO_32_BIT_CONVERSION = YES;
				GCC_WARN_ABOUT_RETURN_TYPE = YES_ERROR;
				GCC_WARN_UNDECLARED_SELECTOR = YES;
				GCC_WARN_UNINITIALIZED_AUTOS = YES_AGGRESSIVE;
				GCC_WARN_UNUSED_FUNCTION = YES;
				GCC_WARN_UNUSED_VARIABLE = YES;
				MACOSX_DEPLOYMENT_TARGET = 11.1;
				MTL_ENABLE_DEBUG_INFO = INCLUDE_SOURCE;
				MTL_FAST_MATH = YES;
				ONLY_ACTIVE_ARCH = YES;
				SDKROOT = macosx;
				SWIFT_ACTIVE_COMPILATION_CONDITIONS = DEBUG;
				SWIFT_OPTIMIZATION_LEVEL = "-Onone";
			};
			name = Debug;
		};
		F5894F8125F29B2800F43B56 /* Release */ = {
			isa = XCBuildConfiguration;
			buildSettings = {
				ALWAYS_SEARCH_USER_PATHS = NO;
				CLANG_ANALYZER_NONNULL = YES;
				CLANG_ANALYZER_NUMBER_OBJECT_CONVERSION = YES_AGGRESSIVE;
				CLANG_CXX_LANGUAGE_STANDARD = "gnu++14";
				CLANG_CXX_LIBRARY = "libc++";
				CLANG_ENABLE_MODULES = YES;
				CLANG_ENABLE_OBJC_ARC = YES;
				CLANG_ENABLE_OBJC_WEAK = YES;
				CLANG_WARN_BLOCK_CAPTURE_AUTORELEASING = YES;
				CLANG_WARN_BOOL_CONVERSION = YES;
				CLANG_WARN_COMMA = YES;
				CLANG_WARN_CONSTANT_CONVERSION = YES;
				CLANG_WARN_DEPRECATED_OBJC_IMPLEMENTATIONS = YES;
				CLANG_WARN_DIRECT_OBJC_ISA_USAGE = YES_ERROR;
				CLANG_WARN_DOCUMENTATION_COMMENTS = YES;
				CLANG_WARN_EMPTY_BODY = YES;
				CLANG_WARN_ENUM_CONVERSION = YES;
				CLANG_WARN_INFINITE_RECURSION = YES;
				CLANG_WARN_INT_CONVERSION = YES;
				CLANG_WARN_NON_LITERAL_NULL_CONVERSION = YES;
				CLANG_WARN_OBJC_IMPLICIT_RETAIN_SELF = YES;
				CLANG_WARN_OBJC_LITERAL_CONVERSION = YES;
				CLANG_WARN_OBJC_ROOT_CLASS = YES_ERROR;
				CLANG_WARN_QUOTED_INCLUDE_IN_FRAMEWORK_HEADER = YES;
				CLANG_WARN_RANGE_LOOP_ANALYSIS = YES;
				CLANG_WARN_STRICT_PROTOTYPES = YES;
				CLANG_WARN_SUSPICIOUS_MOVE = YES;
				CLANG_WARN_UNGUARDED_AVAILABILITY = YES_AGGRESSIVE;
				CLANG_WARN_UNREACHABLE_CODE = YES;
				CLANG_WARN__DUPLICATE_METHOD_MATCH = YES;
				COPY_PHASE_STRIP = NO;
				DEBUG_INFORMATION_FORMAT = "dwarf-with-dsym";
				ENABLE_NS_ASSERTIONS = NO;
				ENABLE_STRICT_OBJC_MSGSEND = YES;
				GCC_C_LANGUAGE_STANDARD = gnu11;
				GCC_NO_COMMON_BLOCKS = YES;
				GCC_WARN_64_TO_32_BIT_CONVERSION = YES;
				GCC_WARN_ABOUT_RETURN_TYPE = YES_ERROR;
				GCC_WARN_UNDECLARED_SELECTOR = YES;
				GCC_WARN_UNINITIALIZED_AUTOS = YES_AGGRESSIVE;
				GCC_WARN_UNUSED_FUNCTION = YES;
				GCC_WARN_UNUSED_VARIABLE = YES;
				MACOSX_DEPLOYMENT_TARGET = 11.1;
				MTL_ENABLE_DEBUG_INFO = NO;
				MTL_FAST_MATH = YES;
				SDKROOT = macosx;
				SWIFT_COMPILATION_MODE = wholemodule;
				SWIFT_OPTIMIZATION_LEVEL = "-O";
			};
			name = Release;
		};
		F5894F8325F29B2800F43B56 /* Debug */ = {
			isa = XCBuildConfiguration;
			buildSettings = {
				ASSETCATALOG_COMPILER_APPICON_NAME = AppIcon;
				ASSETCATALOG_COMPILER_GLOBAL_ACCENT_COLOR_NAME = AccentColor;
				CODE_SIGN_ENTITLEMENTS = SwiftUISourceList/SwiftUISourceList.entitlements;
				CODE_SIGN_STYLE = Automatic;
				COMBINE_HIDPI_IMAGES = YES;
				DEVELOPMENT_ASSET_PATHS = "\"SwiftUISourceList/Preview Content\"";
				DEVELOPMENT_TEAM = DNL2F39G5D;
				ENABLE_HARDENED_RUNTIME = YES;
				ENABLE_PREVIEWS = YES;
				INFOPLIST_FILE = SwiftUISourceList/Info.plist;
				LD_RUNPATH_SEARCH_PATHS = (
					"$(inherited)",
					"@executable_path/../Frameworks",
				);
				MACOSX_DEPLOYMENT_TARGET = 11.0;
				PRODUCT_BUNDLE_IDENTIFIER = CH.SwiftUISourceList;
				PRODUCT_NAME = "$(TARGET_NAME)";
				SWIFT_VERSION = 5.0;
			};
			name = Debug;
		};
		F5894F8425F29B2800F43B56 /* Release */ = {
			isa = XCBuildConfiguration;
			buildSettings = {
				ASSETCATALOG_COMPILER_APPICON_NAME = AppIcon;
				ASSETCATALOG_COMPILER_GLOBAL_ACCENT_COLOR_NAME = AccentColor;
				CODE_SIGN_ENTITLEMENTS = SwiftUISourceList/SwiftUISourceList.entitlements;
				CODE_SIGN_STYLE = Automatic;
				COMBINE_HIDPI_IMAGES = YES;
				DEVELOPMENT_ASSET_PATHS = "\"SwiftUISourceList/Preview Content\"";
				DEVELOPMENT_TEAM = DNL2F39G5D;
				ENABLE_HARDENED_RUNTIME = YES;
				ENABLE_PREVIEWS = YES;
				INFOPLIST_FILE = SwiftUISourceList/Info.plist;
				LD_RUNPATH_SEARCH_PATHS = (
					"$(inherited)",
					"@executable_path/../Frameworks",
				);
				MACOSX_DEPLOYMENT_TARGET = 11.0;
				PRODUCT_BUNDLE_IDENTIFIER = CH.SwiftUISourceList;
				PRODUCT_NAME = "$(TARGET_NAME)";
				SWIFT_VERSION = 5.0;
			};
			name = Release;
		};
/* End XCBuildConfiguration section */

/* Begin XCConfigurationList section */
		F5894F6D25F29B2600F43B56 /* Build configuration list for PBXProject "SwiftUISourceList" */ = {
			isa = XCConfigurationList;
			buildConfigurations = (
				F5894F8025F29B2800F43B56 /* Debug */,
				F5894F8125F29B2800F43B56 /* Release */,
			);
			defaultConfigurationIsVisible = 0;
			defaultConfigurationName = Release;
		};
		F5894F8225F29B2800F43B56 /* Build configuration list for PBXNativeTarget "SwiftUISourceList" */ = {
			isa = XCConfigurationList;
			buildConfigurations = (
				F5894F8325F29B2800F43B56 /* Debug */,
				F5894F8425F29B2800F43B56 /* Release */,
			);
			defaultConfigurationIsVisible = 0;
			defaultConfigurationName = Release;
		};
/* End XCConfigurationList section */
	};
	rootObject = F5894F6A25F29B2600F43B56 /* Project object */;
}
